
Microsoft Visual Studio Solution File, Format Version 12.00
# Visual Studio 15
Project("{FAE04EC0-301F-11D3-BF4B-00C04F79EFBC}") = "Assembly-CSharp-Editor", "Assembly-CSharp-Editor.csproj", "{590FE839-9FFA-8D22-E9F1-68F4373427CC}"
EndProject
Project("{FAE04EC0-301F-11D3-BF4B-00C04F79EFBC}") = "Assembly-CSharp", "Assembly-CSharp.csproj", "{D31D12D9-8D4C-27A0-E2FF-079C5B0886BD}"
EndProject
Global
	GlobalSection(SolutionConfigurationPlatforms) = preSolution
		Debug|Any CPU = Debug|Any CPU
		Release|Any CPU = Release|Any CPU
	EndGlobalSection
	GlobalSection(ProjectConfigurationPlatforms) = postSolution
		{590FE839-9FFA-8D22-E9F1-68F4373427CC}.Debug|Any CPU.ActiveCfg = Debug|Any CPU
		{590FE839-9FFA-8D22-E9F1-68F4373427CC}.Debug|Any CPU.Build.0 = Debug|Any CPU
		{590FE839-9FFA-8D22-E9F1-68F4373427CC}.Release|Any CPU.ActiveCfg = Release|Any CPU
		{590FE839-9FFA-8D22-E9F1-68F4373427CC}.Release|Any CPU.Build.0 = Release|Any CPU
		{D31D12D9-8D4C-27A0-E2FF-079C5B0886BD}.Debug|Any CPU.ActiveCfg = Debug|Any CPU
		{D31D12D9-8D4C-27A0-E2FF-079C5B0886BD}.Debug|Any CPU.Build.0 = Debug|Any CPU
		{D31D12D9-8D4C-27A0-E2FF-079C5B0886BD}.Release|Any CPU.ActiveCfg = Release|Any CPU
		{D31D12D9-8D4C-27A0-E2FF-079C5B0886BD}.Release|Any CPU.Build.0 = Release|Any CPU
	EndGlobalSection
	GlobalSection(SolutionProperties) = preSolution
		HideSolutionNode = FALSE
	EndGlobalSection
EndGlobal
